// !$*UTF8*$!
{
	archiveVersion = 1;
	classes = {
	};
	objectVersion = 46;
	objects = {

/* Begin PBXBuildFile section */
		58C2F93C2D0A977B008A189A /* libPods-SocialProjectUITests.a in Frameworks */ = {isa = PBXBuildFile; fileRef = A406F370A651A546556C1580 /* libPods-SocialProjectUITests.a */; };
		6177C44BB9529592CC3D7E24 /* libPods-SocialProjectTests.a in Frameworks */ = {isa = PBXBuildFile; fileRef = 2847BDD0868470BC02BE4C67 /* libPods-SocialProjectTests.a */; };
		6573B8551F48229C003B82FE /* main.m in Sources */ = {isa = PBXBuildFile; fileRef = 6573B8541F48229C003B82FE /* main.m */; };
		6573B8581F48229C003B82FE /* AppDelegate.m in Sources */ = {isa = PBXBuildFile; fileRef = 6573B8571F48229C003B82FE /* AppDelegate.m */; };
		6573B8601F48229C003B82FE /* Assets.xcassets in Resources */ = {isa = PBXBuildFile; fileRef = 6573B85F1F48229C003B82FE /* Assets.xcassets */; };
		6573B8631F48229C003B82FE /* LaunchScreen.storyboard in Resources */ = {isa = PBXBuildFile; fileRef = 6573B8611F48229C003B82FE /* LaunchScreen.storyboard */; };
		6573B86E1F48229C003B82FE /* SocialProjectTests.m in Sources */ = {isa = PBXBuildFile; fileRef = 6573B86D1F48229C003B82FE /* SocialProjectTests.m */; };
		6573B8791F48229C003B82FE /* SocialProjectUITests.m in Sources */ = {isa = PBXBuildFile; fileRef = 6573B8781F48229C003B82FE /* SocialProjectUITests.m */; };
		6573B8891F482349003B82FE /* SCPost.m in Sources */ = {isa = PBXBuildFile; fileRef = 6573B8881F482349003B82FE /* SCPost.m */; };
		6573B8D21F494F61003B82FE /* SCTabBarController.m in Sources */ = {isa = PBXBuildFile; fileRef = 6573B8D11F494F61003B82FE /* SCTabBarController.m */; };
		6573B8D61F4A333B003B82FE /* SCHomeViewController.m in Sources */ = {isa = PBXBuildFile; fileRef = 6573B8D41F4A333B003B82FE /* SCHomeViewController.m */; };
		6573B8D71F4A333B003B82FE /* SCHomeViewController.xib in Resources */ = {isa = PBXBuildFile; fileRef = 6573B8D51F4A333B003B82FE /* SCHomeViewController.xib */; };
		6573B91A1F4ABDA5003B82FE /* SCHomeTableViewCell.m in Sources */ = {isa = PBXBuildFile; fileRef = 6573B9181F4ABDA5003B82FE /* SCHomeTableViewCell.m */; };
		6573B91B1F4ABDA5003B82FE /* SCHomeTableViewCell.xib in Resources */ = {isa = PBXBuildFile; fileRef = 6573B9191F4ABDA5003B82FE /* SCHomeTableViewCell.xib */; };
		899915CBCA755CAF1D9B74DF /* libPods-SocialProject.a in Frameworks */ = {isa = PBXBuildFile; fileRef = 9EB92B98296AB92A213FFD4C /* libPods-SocialProject.a */; };
/* End PBXBuildFile section */

/* Begin PBXContainerItemProxy section */
		6573B86A1F48229C003B82FE /* PBXContainerItemProxy */ = {
			isa = PBXContainerItemProxy;
			containerPortal = 6573B8481F48229C003B82FE /* Project object */;
			proxyType = 1;
			remoteGlobalIDString = 6573B84F1F48229C003B82FE;
			remoteInfo = SocialProject;
		};
		6573B8751F48229C003B82FE /* PBXContainerItemProxy */ = {
			isa = PBXContainerItemProxy;
			containerPortal = 6573B8481F48229C003B82FE /* Project object */;
			proxyType = 1;
			remoteGlobalIDString = 6573B84F1F48229C003B82FE;
			remoteInfo = SocialProject;
		};
/* End PBXContainerItemProxy section */

/* Begin PBXFileReference section */
		2847BDD0868470BC02BE4C67 /* libPods-SocialProjectTests.a */ = {isa = PBXFileReference; explicitFileType = archive.ar; includeInIndex = 0; path = "libPods-SocialProjectTests.a"; sourceTree = BUILT_PRODUCTS_DIR; };
		52B952DEF574847F8D2E7419 /* Pods-SocialProjectTests.debug.xcconfig */ = {isa = PBXFileReference; includeInIndex = 1; lastKnownFileType = text.xcconfig; name = "Pods-SocialProjectTests.debug.xcconfig"; path = "Pods/Target Support Files/Pods-SocialProjectTests/Pods-SocialProjectTests.debug.xcconfig"; sourceTree = "<group>"; };
		6573B8501F48229C003B82FE /* SocialProject.app */ = {isa = PBXFileReference; explicitFileType = wrapper.application; includeInIndex = 0; path = SocialProject.app; sourceTree = BUILT_PRODUCTS_DIR; };
		6573B8541F48229C003B82FE /* main.m */ = {isa = PBXFileReference; lastKnownFileType = sourcecode.c.objc; path = main.m; sourceTree = "<group>"; };
		6573B8561F48229C003B82FE /* AppDelegate.h */ = {isa = PBXFileReference; lastKnownFileType = sourcecode.c.h; path = AppDelegate.h; sourceTree = "<group>"; };
		6573B8571F48229C003B82FE /* AppDelegate.m */ = {isa = PBXFileReference; lastKnownFileType = sourcecode.c.objc; path = AppDelegate.m; sourceTree = "<group>"; };
		6573B85F1F48229C003B82FE /* Assets.xcassets */ = {isa = PBXFileReference; lastKnownFileType = folder.assetcatalog; path = Assets.xcassets; sourceTree = "<group>"; };
		6573B8621F48229C003B82FE /* Base */ = {isa = PBXFileReference; lastKnownFileType = file.storyboard; name = Base; path = Base.lproj/LaunchScreen.storyboard; sourceTree = "<group>"; };
		6573B8641F48229C003B82FE /* Info.plist */ = {isa = PBXFileReference; lastKnownFileType = text.plist.xml; path = Info.plist; sourceTree = "<group>"; };
		6573B8691F48229C003B82FE /* SocialProjectTests.xctest */ = {isa = PBXFileReference; explicitFileType = wrapper.cfbundle; includeInIndex = 0; path = SocialProjectTests.xctest; sourceTree = BUILT_PRODUCTS_DIR; };
		6573B86D1F48229C003B82FE /* SocialProjectTests.m */ = {isa = PBXFileReference; lastKnownFileType = sourcecode.c.objc; path = SocialProjectTests.m; sourceTree = "<group>"; };
		6573B86F1F48229C003B82FE /* Info.plist */ = {isa = PBXFileReference; lastKnownFileType = text.plist.xml; path = Info.plist; sourceTree = "<group>"; };
		6573B8741F48229C003B82FE /* SocialProjectUITests.xctest */ = {isa = PBXFileReference; explicitFileType = wrapper.cfbundle; includeInIndex = 0; path = SocialProjectUITests.xctest; sourceTree = BUILT_PRODUCTS_DIR; };
		6573B8781F48229C003B82FE /* SocialProjectUITests.m */ = {isa = PBXFileReference; lastKnownFileType = sourcecode.c.objc; path = SocialProjectUITests.m; sourceTree = "<group>"; };
		6573B87A1F48229C003B82FE /* Info.plist */ = {isa = PBXFileReference; lastKnownFileType = text.plist.xml; path = Info.plist; sourceTree = "<group>"; };
		6573B8871F482349003B82FE /* SCPost.h */ = {isa = PBXFileReference; fileEncoding = 4; lastKnownFileType = sourcecode.c.h; name = SCPost.h; path = Model/SCPost.h; sourceTree = "<group>"; };
		6573B8881F482349003B82FE /* SCPost.m */ = {isa = PBXFileReference; fileEncoding = 4; lastKnownFileType = sourcecode.c.objc; name = SCPost.m; path = Model/SCPost.m; sourceTree = "<group>"; };
		6573B8D01F494F61003B82FE /* SCTabBarController.h */ = {isa = PBXFileReference; fileEncoding = 4; lastKnownFileType = sourcecode.c.h; name = SCTabBarController.h; path = Controller/SCTabBarController.h; sourceTree = "<group>"; };
		6573B8D11F494F61003B82FE /* SCTabBarController.m */ = {isa = PBXFileReference; fileEncoding = 4; lastKnownFileType = sourcecode.c.objc; name = SCTabBarController.m; path = Controller/SCTabBarController.m; sourceTree = "<group>"; };
		6573B8D31F4A333B003B82FE /* SCHomeViewController.h */ = {isa = PBXFileReference; fileEncoding = 4; lastKnownFileType = sourcecode.c.h; name = SCHomeViewController.h; path = Controller/SCHomeViewController.h; sourceTree = "<group>"; };
		6573B8D41F4A333B003B82FE /* SCHomeViewController.m */ = {isa = PBXFileReference; fileEncoding = 4; lastKnownFileType = sourcecode.c.objc; name = SCHomeViewController.m; path = Controller/SCHomeViewController.m; sourceTree = "<group>"; };
		6573B8D51F4A333B003B82FE /* SCHomeViewController.xib */ = {isa = PBXFileReference; fileEncoding = 4; lastKnownFileType = file.xib; name = SCHomeViewController.xib; path = Controller/SCHomeViewController.xib; sourceTree = "<group>"; };
		6573B9171F4ABDA5003B82FE /* SCHomeTableViewCell.h */ = {isa = PBXFileReference; fileEncoding = 4; lastKnownFileType = sourcecode.c.h; name = SCHomeTableViewCell.h; path = Controller/SCHomeTableViewCell.h; sourceTree = "<group>"; };
		6573B9181F4ABDA5003B82FE /* SCHomeTableViewCell.m */ = {isa = PBXFileReference; fileEncoding = 4; lastKnownFileType = sourcecode.c.objc; name = SCHomeTableViewCell.m; path = Controller/SCHomeTableViewCell.m; sourceTree = "<group>"; };
		6573B9191F4ABDA5003B82FE /* SCHomeTableViewCell.xib */ = {isa = PBXFileReference; fileEncoding = 4; lastKnownFileType = file.xib; name = SCHomeTableViewCell.xib; path = Controller/SCHomeTableViewCell.xib; sourceTree = "<group>"; };
		81A38FC5F3618B92BCE4AAC2 /* Pods-SocialProject.debug.xcconfig */ = {isa = PBXFileReference; includeInIndex = 1; lastKnownFileType = text.xcconfig; name = "Pods-SocialProject.debug.xcconfig"; path = "Pods/Target Support Files/Pods-SocialProject/Pods-SocialProject.debug.xcconfig"; sourceTree = "<group>"; };
		9EB92B98296AB92A213FFD4C /* libPods-SocialProject.a */ = {isa = PBXFileReference; explicitFileType = archive.ar; includeInIndex = 0; path = "libPods-SocialProject.a"; sourceTree = BUILT_PRODUCTS_DIR; };
		A406F370A651A546556C1580 /* libPods-SocialProjectUITests.a */ = {isa = PBXFileReference; explicitFileType = archive.ar; includeInIndex = 0; path = "libPods-SocialProjectUITests.a"; sourceTree = BUILT_PRODUCTS_DIR; };
		BB58ECDEBEDF87A728892E4D /* Pods-SocialProjectUITests.debug.xcconfig */ = {isa = PBXFileReference; includeInIndex = 1; lastKnownFileType = text.xcconfig; name = "Pods-SocialProjectUITests.debug.xcconfig"; path = "Pods/Target Support Files/Pods-SocialProjectUITests/Pods-SocialProjectUITests.debug.xcconfig"; sourceTree = "<group>"; };
		D3B1D763CE7A896CC9A99F41 /* Pods-SocialProjectUITests.release.xcconfig */ = {isa = PBXFileReference; includeInIndex = 1; lastKnownFileType = text.xcconfig; name = "Pods-SocialProjectUITests.release.xcconfig"; path = "Pods/Target Support Files/Pods-SocialProjectUITests/Pods-SocialProjectUITests.release.xcconfig"; sourceTree = "<group>"; };
		DA32419D6234885516F55322 /* Pods-SocialProject.release.xcconfig */ = {isa = PBXFileReference; includeInIndex = 1; lastKnownFileType = text.xcconfig; name = "Pods-SocialProject.release.xcconfig"; path = "Pods/Target Support Files/Pods-SocialProject/Pods-SocialProject.release.xcconfig"; sourceTree = "<group>"; };
		F6129923007F4C42F53CDB0B /* Pods-SocialProjectTests.release.xcconfig */ = {isa = PBXFileReference; includeInIndex = 1; lastKnownFileType = text.xcconfig; name = "Pods-SocialProjectTests.release.xcconfig"; path = "Pods/Target Support Files/Pods-SocialProjectTests/Pods-SocialProjectTests.release.xcconfig"; sourceTree = "<group>"; };
/* End PBXFileReference section */

/* Begin PBXFrameworksBuildPhase section */
		6573B84D1F48229C003B82FE /* Frameworks */ = {
			isa = PBXFrameworksBuildPhase;
			buildActionMask = 2147483647;
			files = (
				899915CBCA755CAF1D9B74DF /* libPods-SocialProject.a in Frameworks */,
			);
			runOnlyForDeploymentPostprocessing = 0;
		};
		6573B8661F48229C003B82FE /* Frameworks */ = {
			isa = PBXFrameworksBuildPhase;
			buildActionMask = 2147483647;
			files = (
				6177C44BB9529592CC3D7E24 /* libPods-SocialProjectTests.a in Frameworks */,
			);
			runOnlyForDeploymentPostprocessing = 0;
		};
		6573B8711F48229C003B82FE /* Frameworks */ = {
			isa = PBXFrameworksBuildPhase;
			buildActionMask = 2147483647;
			files = (
				58C2F93C2D0A977B008A189A /* libPods-SocialProjectUITests.a in Frameworks */,
			);
			runOnlyForDeploymentPostprocessing = 0;
		};
/* End PBXFrameworksBuildPhase section */

/* Begin PBXGroup section */
		4996ED5ADE072B0B9B4DCBB4 /* Frameworks */ = {
			isa = PBXGroup;
			children = (
				9EB92B98296AB92A213FFD4C /* libPods-SocialProject.a */,
				2847BDD0868470BC02BE4C67 /* libPods-SocialProjectTests.a */,
				A406F370A651A546556C1580 /* libPods-SocialProjectUITests.a */,
			);
			name = Frameworks;
			sourceTree = "<group>";
		};
		6573B8471F48229C003B82FE = {
			isa = PBXGroup;
			children = (
				6573B8521F48229C003B82FE /* SocialProject */,
				6573B86C1F48229C003B82FE /* SocialProjectTests */,
				6573B8771F48229C003B82FE /* SocialProjectUITests */,
				6573B8511F48229C003B82FE /* Products */,
				A3CA0BAB2B7A0DEC0A0B49E2 /* Pods */,
				4996ED5ADE072B0B9B4DCBB4 /* Frameworks */,
			);
			sourceTree = "<group>";
		};
		6573B8511F48229C003B82FE /* Products */ = {
			isa = PBXGroup;
			children = (
				6573B8501F48229C003B82FE /* SocialProject.app */,
				6573B8691F48229C003B82FE /* SocialProjectTests.xctest */,
				6573B8741F48229C003B82FE /* SocialProjectUITests.xctest */,
			);
			name = Products;
			sourceTree = "<group>";
		};
		6573B8521F48229C003B82FE /* SocialProject */ = {
			isa = PBXGroup;
			children = (
				6573B88A1F48F1BC003B82FE /* Controller */,
				6573B8861F4822B0003B82FE /* Model */,
				6573B8561F48229C003B82FE /* AppDelegate.h */,
				6573B8571F48229C003B82FE /* AppDelegate.m */,
				6573B85F1F48229C003B82FE /* Assets.xcassets */,
				6573B8611F48229C003B82FE /* LaunchScreen.storyboard */,
				6573B8641F48229C003B82FE /* Info.plist */,
				6573B8531F48229C003B82FE /* Supporting Files */,
			);
			path = SocialProject;
			sourceTree = "<group>";
		};
		6573B8531F48229C003B82FE /* Supporting Files */ = {
			isa = PBXGroup;
			children = (
				6573B8541F48229C003B82FE /* main.m */,
			);
			name = "Supporting Files";
			sourceTree = "<group>";
		};
		6573B86C1F48229C003B82FE /* SocialProjectTests */ = {
			isa = PBXGroup;
			children = (
				6573B86D1F48229C003B82FE /* SocialProjectTests.m */,
				6573B86F1F48229C003B82FE /* Info.plist */,
			);
			path = SocialProjectTests;
			sourceTree = "<group>";
		};
		6573B8771F48229C003B82FE /* SocialProjectUITests */ = {
			isa = PBXGroup;
			children = (
				6573B8781F48229C003B82FE /* SocialProjectUITests.m */,
				6573B87A1F48229C003B82FE /* Info.plist */,
			);
			path = SocialProjectUITests;
			sourceTree = "<group>";
		};
		6573B8861F4822B0003B82FE /* Model */ = {
			isa = PBXGroup;
			children = (
				6573B8871F482349003B82FE /* SCPost.h */,
				6573B8881F482349003B82FE /* SCPost.m */,
			);
			name = Model;
			sourceTree = "<group>";
		};
		6573B88A1F48F1BC003B82FE /* Controller */ = {
			isa = PBXGroup;
			children = (
				6573B8D01F494F61003B82FE /* SCTabBarController.h */,
				6573B8D11F494F61003B82FE /* SCTabBarController.m */,
				6573B8D31F4A333B003B82FE /* SCHomeViewController.h */,
				6573B8D41F4A333B003B82FE /* SCHomeViewController.m */,
				6573B8D51F4A333B003B82FE /* SCHomeViewController.xib */,
				6573B9171F4ABDA5003B82FE /* SCHomeTableViewCell.h */,
				6573B9181F4ABDA5003B82FE /* SCHomeTableViewCell.m */,
				6573B9191F4ABDA5003B82FE /* SCHomeTableViewCell.xib */,
			);
			name = Controller;
			sourceTree = "<group>";
		};
		A3CA0BAB2B7A0DEC0A0B49E2 /* Pods */ = {
			isa = PBXGroup;
			children = (
				81A38FC5F3618B92BCE4AAC2 /* Pods-SocialProject.debug.xcconfig */,
				DA32419D6234885516F55322 /* Pods-SocialProject.release.xcconfig */,
				52B952DEF574847F8D2E7419 /* Pods-SocialProjectTests.debug.xcconfig */,
				F6129923007F4C42F53CDB0B /* Pods-SocialProjectTests.release.xcconfig */,
				BB58ECDEBEDF87A728892E4D /* Pods-SocialProjectUITests.debug.xcconfig */,
				D3B1D763CE7A896CC9A99F41 /* Pods-SocialProjectUITests.release.xcconfig */,
			);
			name = Pods;
			sourceTree = "<group>";
		};
/* End PBXGroup section */

/* Begin PBXNativeTarget section */
		6573B84F1F48229C003B82FE /* SocialProject */ = {
			isa = PBXNativeTarget;
			buildConfigurationList = 6573B87D1F48229C003B82FE /* Build configuration list for PBXNativeTarget "SocialProject" */;
			buildPhases = (
				1028AFBC7E6249DD261163A6 /* [CP] Check Pods Manifest.lock */,
				6573B84C1F48229C003B82FE /* Sources */,
				6573B84D1F48229C003B82FE /* Frameworks */,
				6573B84E1F48229C003B82FE /* Resources */,
				9F544734B0299863708A2F8E /* [CP] Embed Pods Frameworks */,
				E37853E7C73DFCFF4646EC8F /* [CP] Copy Pods Resources */,
			);
			buildRules = (
			);
			dependencies = (
			);
			name = SocialProject;
			productName = SocialProject;
			productReference = 6573B8501F48229C003B82FE /* SocialProject.app */;
			productType = "com.apple.product-type.application";
		};
		6573B8681F48229C003B82FE /* SocialProjectTests */ = {
			isa = PBXNativeTarget;
			buildConfigurationList = 6573B8801F48229C003B82FE /* Build configuration list for PBXNativeTarget "SocialProjectTests" */;
			buildPhases = (
				32211DC691E5414266F23BCB /* [CP] Check Pods Manifest.lock */,
				6573B8651F48229C003B82FE /* Sources */,
				6573B8661F48229C003B82FE /* Frameworks */,
				6573B8671F48229C003B82FE /* Resources */,
				8E6B71FDCA58836122C4C1DA /* [CP] Embed Pods Frameworks */,
				677F5CEC37EEE1A52565A165 /* [CP] Copy Pods Resources */,
			);
			buildRules = (
			);
			dependencies = (
				6573B86B1F48229C003B82FE /* PBXTargetDependency */,
			);
			name = SocialProjectTests;
			productName = SocialProjectTests;
			productReference = 6573B8691F48229C003B82FE /* SocialProjectTests.xctest */;
			productType = "com.apple.product-type.bundle.unit-test";
		};
		6573B8731F48229C003B82FE /* SocialProjectUITests */ = {
			isa = PBXNativeTarget;
			buildConfigurationList = 6573B8831F48229C003B82FE /* Build configuration list for PBXNativeTarget "SocialProjectUITests" */;
			buildPhases = (
				647AD046DA81A05209B88A5D /* [CP] Check Pods Manifest.lock */,
				6573B8701F48229C003B82FE /* Sources */,
				6573B8711F48229C003B82FE /* Frameworks */,
				6573B8721F48229C003B82FE /* Resources */,
				27EE234549E7C0AAE3619325 /* [CP] Embed Pods Frameworks */,
				13016C0CACC5D3A4E00ECBF1 /* [CP] Copy Pods Resources */,
			);
			buildRules = (
			);
			dependencies = (
				6573B8761F48229C003B82FE /* PBXTargetDependency */,
			);
			name = SocialProjectUITests;
			productName = SocialProjectUITests;
			productReference = 6573B8741F48229C003B82FE /* SocialProjectUITests.xctest */;
			productType = "com.apple.product-type.bundle.ui-testing";
		};
/* End PBXNativeTarget section */

/* Begin PBXProject section */
		6573B8481F48229C003B82FE /* Project object */ = {
			isa = PBXProject;
			attributes = {
				LastUpgradeCheck = 0830;
				ORGANIZATIONNAME = "WEIJIAN LI";
				TargetAttributes = {
					6573B84F1F48229C003B82FE = {
						CreatedOnToolsVersion = 8.3.3;
						ProvisioningStyle = Automatic;
					};
					6573B8681F48229C003B82FE = {
						CreatedOnToolsVersion = 8.3.3;
						ProvisioningStyle = Automatic;
						TestTargetID = 6573B84F1F48229C003B82FE;
					};
					6573B8731F48229C003B82FE = {
						CreatedOnToolsVersion = 8.3.3;
						ProvisioningStyle = Automatic;
						TestTargetID = 6573B84F1F48229C003B82FE;
					};
				};
			};
			buildConfigurationList = 6573B84B1F48229C003B82FE /* Build configuration list for PBXProject "SocialProject" */;
			compatibilityVersion = "Xcode 3.2";
			developmentRegion = English;
			hasScannedForEncodings = 0;
			knownRegions = (
				en,
				Base,
			);
			mainGroup = 6573B8471F48229C003B82FE;
			productRefGroup = 6573B8511F48229C003B82FE /* Products */;
			projectDirPath = "";
			projectRoot = "";
			targets = (
				6573B84F1F48229C003B82FE /* SocialProject */,
				6573B8681F48229C003B82FE /* SocialProjectTests */,
				6573B8731F48229C003B82FE /* SocialProjectUITests */,
			);
		};
/* End PBXProject section */

/* Begin PBXResourcesBuildPhase section */
		6573B84E1F48229C003B82FE /* Resources */ = {
			isa = PBXResourcesBuildPhase;
			buildActionMask = 2147483647;
			files = (
				6573B8D71F4A333B003B82FE /* SCHomeViewController.xib in Resources */,
				6573B8631F48229C003B82FE /* LaunchScreen.storyboard in Resources */,
				6573B91B1F4ABDA5003B82FE /* SCHomeTableViewCell.xib in Resources */,
				6573B8601F48229C003B82FE /* Assets.xcassets in Resources */,
			);
			runOnlyForDeploymentPostprocessing = 0;
		};
		6573B8671F48229C003B82FE /* Resources */ = {
			isa = PBXResourcesBuildPhase;
			buildActionMask = 2147483647;
			files = (
			);
			runOnlyForDeploymentPostprocessing = 0;
		};
		6573B8721F48229C003B82FE /* Resources */ = {
			isa = PBXResourcesBuildPhase;
			buildActionMask = 2147483647;
			files = (
			);
			runOnlyForDeploymentPostprocessing = 0;
		};
/* End PBXResourcesBuildPhase section */

/* Begin PBXShellScriptBuildPhase section */
		1028AFBC7E6249DD261163A6 /* [CP] Check Pods Manifest.lock */ = {
			isa = PBXShellScriptBuildPhase;
			buildActionMask = 2147483647;
			files = (
			);
			inputPaths = (
				"${PODS_PODFILE_DIR_PATH}/Podfile.lock",
				"${PODS_ROOT}/Manifest.lock",
			);
			name = "[CP] Check Pods Manifest.lock";
			outputPaths = (
				"$(DERIVED_FILE_DIR)/Pods-SocialProject-checkManifestLockResult.txt",
			);
			runOnlyForDeploymentPostprocessing = 0;
			shellPath = /bin/sh;
			shellScript = "diff \"${PODS_PODFILE_DIR_PATH}/Podfile.lock\" \"${PODS_ROOT}/Manifest.lock\" > /dev/null\nif [ $? != 0 ] ; then\n    # print error to STDERR\n    echo \"error: The sandbox is not in sync with the Podfile.lock. Run 'pod install' or update your CocoaPods installation.\" >&2\n    exit 1\nfi\n# This output is used by Xcode 'outputs' to avoid re-running this script phase.\necho \"SUCCESS\" > \"${SCRIPT_OUTPUT_FILE_0}\"\n";
			showEnvVarsInLog = 0;
		};
		13016C0CACC5D3A4E00ECBF1 /* [CP] Copy Pods Resources */ = {
			isa = PBXShellScriptBuildPhase;
			buildActionMask = 2147483647;
			files = (
			);
			inputPaths = (
			);
			name = "[CP] Copy Pods Resources";
			outputPaths = (
			);
			runOnlyForDeploymentPostprocessing = 0;
			shellPath = /bin/sh;
			shellScript = "\"${SRCROOT}/Pods/Target Support Files/Pods-SocialProjectUITests/Pods-SocialProjectUITests-resources.sh\"\n";
			showEnvVarsInLog = 0;
		};
		27EE234549E7C0AAE3619325 /* [CP] Embed Pods Frameworks */ = {
			isa = PBXShellScriptBuildPhase;
			buildActionMask = 2147483647;
			files = (
			);
			inputPaths = (
			);
			name = "[CP] Embed Pods Frameworks";
			outputPaths = (
			);
			runOnlyForDeploymentPostprocessing = 0;
			shellPath = /bin/sh;
			shellScript = "\"${SRCROOT}/Pods/Target Support Files/Pods-SocialProjectUITests/Pods-SocialProjectUITests-frameworks.sh\"\n";
			showEnvVarsInLog = 0;
		};
		32211DC691E5414266F23BCB /* [CP] Check Pods Manifest.lock */ = {
			isa = PBXShellScriptBuildPhase;
			buildActionMask = 2147483647;
			files = (
			);
			inputPaths = (
				"${PODS_PODFILE_DIR_PATH}/Podfile.lock",
				"${PODS_ROOT}/Manifest.lock",
			);
			name = "[CP] Check Pods Manifest.lock";
			outputPaths = (
				"$(DERIVED_FILE_DIR)/Pods-SocialProjectTests-checkManifestLockResult.txt",
			);
			runOnlyForDeploymentPostprocessing = 0;
			shellPath = /bin/sh;
			shellScript = "diff \"${PODS_PODFILE_DIR_PATH}/Podfile.lock\" \"${PODS_ROOT}/Manifest.lock\" > /dev/null\nif [ $? != 0 ] ; then\n    # print error to STDERR\n    echo \"error: The sandbox is not in sync with the Podfile.lock. Run 'pod install' or update your CocoaPods installation.\" >&2\n    exit 1\nfi\n# This output is used by Xcode 'outputs' to avoid re-running this script phase.\necho \"SUCCESS\" > \"${SCRIPT_OUTPUT_FILE_0}\"\n";
			showEnvVarsInLog = 0;
		};
		647AD046DA81A05209B88A5D /* [CP] Check Pods Manifest.lock */ = {
			isa = PBXShellScriptBuildPhase;
			buildActionMask = 2147483647;
			files = (
			);
			inputPaths = (
				"${PODS_PODFILE_DIR_PATH}/Podfile.lock",
				"${PODS_ROOT}/Manifest.lock",
			);
			name = "[CP] Check Pods Manifest.lock";
			outputPaths = (
				"$(DERIVED_FILE_DIR)/Pods-SocialProjectUITests-checkManifestLockResult.txt",
			);
			runOnlyForDeploymentPostprocessing = 0;
			shellPath = /bin/sh;
			shellScript = "diff \"${PODS_PODFILE_DIR_PATH}/Podfile.lock\" \"${PODS_ROOT}/Manifest.lock\" > /dev/null\nif [ $? != 0 ] ; then\n    # print error to STDERR\n    echo \"error: The sandbox is not in sync with the Podfile.lock. Run 'pod install' or update your CocoaPods installation.\" >&2\n    exit 1\nfi\n# This output is used by Xcode 'outputs' to avoid re-running this script phase.\necho \"SUCCESS\" > \"${SCRIPT_OUTPUT_FILE_0}\"\n";
			showEnvVarsInLog = 0;
		};
		677F5CEC37EEE1A52565A165 /* [CP] Copy Pods Resources */ = {
			isa = PBXShellScriptBuildPhase;
			buildActionMask = 2147483647;
			files = (
			);
			inputPaths = (
			);
			name = "[CP] Copy Pods Resources";
			outputPaths = (
			);
			runOnlyForDeploymentPostprocessing = 0;
			shellPath = /bin/sh;
			shellScript = "\"${SRCROOT}/Pods/Target Support Files/Pods-SocialProjectTests/Pods-SocialProjectTests-resources.sh\"\n";
			showEnvVarsInLog = 0;
		};
		8E6B71FDCA58836122C4C1DA /* [CP] Embed Pods Frameworks */ = {
			isa = PBXShellScriptBuildPhase;
			buildActionMask = 2147483647;
			files = (
			);
			inputPaths = (
			);
			name = "[CP] Embed Pods Frameworks";
			outputPaths = (
			);
			runOnlyForDeploymentPostprocessing = 0;
			shellPath = /bin/sh;
			shellScript = "\"${SRCROOT}/Pods/Target Support Files/Pods-SocialProjectTests/Pods-SocialProjectTests-frameworks.sh\"\n";
			showEnvVarsInLog = 0;
		};
		9F544734B0299863708A2F8E /* [CP] Embed Pods Frameworks */ = {
			isa = PBXShellScriptBuildPhase;
			buildActionMask = 2147483647;
			files = (
			);
			inputPaths = (
			);
			name = "[CP] Embed Pods Frameworks";
			outputPaths = (
			);
			runOnlyForDeploymentPostprocessing = 0;
			shellPath = /bin/sh;
			shellScript = "\"${SRCROOT}/Pods/Target Support Files/Pods-SocialProject/Pods-SocialProject-frameworks.sh\"\n";
			showEnvVarsInLog = 0;
		};
		E37853E7C73DFCFF4646EC8F /* [CP] Copy Pods Resources */ = {
			isa = PBXShellScriptBuildPhase;
			buildActionMask = 2147483647;
			files = (
			);
			inputPaths = (
			);
			name = "[CP] Copy Pods Resources";
			outputPaths = (
			);
			runOnlyForDeploymentPostprocessing = 0;
			shellPath = /bin/sh;
			shellScript = "\"${SRCROOT}/Pods/Target Support Files/Pods-SocialProject/Pods-SocialProject-resources.sh\"\n";
			showEnvVarsInLog = 0;
		};
/* End PBXShellScriptBuildPhase section */

/* Begin PBXSourcesBuildPhase section */
		6573B84C1F48229C003B82FE /* Sources */ = {
			isa = PBXSourcesBuildPhase;
			buildActionMask = 2147483647;
			files = (
				6573B8581F48229C003B82FE /* AppDelegate.m in Sources */,
				6573B8D21F494F61003B82FE /* SCTabBarController.m in Sources */,
				6573B8D61F4A333B003B82FE /* SCHomeViewController.m in Sources */,
				6573B8551F48229C003B82FE /* main.m in Sources */,
				6573B91A1F4ABDA5003B82FE /* SCHomeTableViewCell.m in Sources */,
				6573B8891F482349003B82FE /* SCPost.m in Sources */,
			);
			runOnlyForDeploymentPostprocessing = 0;
		};
		6573B8651F48229C003B82FE /* Sources */ = {
			isa = PBXSourcesBuildPhase;
			buildActionMask = 2147483647;
			files = (
				6573B86E1F48229C003B82FE /* SocialProjectTests.m in Sources */,
			);
			runOnlyForDeploymentPostprocessing = 0;
		};
		6573B8701F48229C003B82FE /* Sources */ = {
			isa = PBXSourcesBuildPhase;
			buildActionMask = 2147483647;
			files = (
				6573B8791F48229C003B82FE /* SocialProjectUITests.m in Sources */,
			);
			runOnlyForDeploymentPostprocessing = 0;
		};
/* End PBXSourcesBuildPhase section */

/* Begin PBXTargetDependency section */
		6573B86B1F48229C003B82FE /* PBXTargetDependency */ = {
			isa = PBXTargetDependency;
			target = 6573B84F1F48229C003B82FE /* SocialProject */;
			targetProxy = 6573B86A1F48229C003B82FE /* PBXContainerItemProxy */;
		};
		6573B8761F48229C003B82FE /* PBXTargetDependency */ = {
			isa = PBXTargetDependency;
			target = 6573B84F1F48229C003B82FE /* SocialProject */;
			targetProxy = 6573B8751F48229C003B82FE /* PBXContainerItemProxy */;
		};
/* End PBXTargetDependency section */

/* Begin PBXVariantGroup section */
		6573B8611F48229C003B82FE /* LaunchScreen.storyboard */ = {
			isa = PBXVariantGroup;
			children = (
				6573B8621F48229C003B82FE /* Base */,
			);
			name = LaunchScreen.storyboard;
			sourceTree = "<group>";
		};
/* End PBXVariantGroup section */

/* Begin XCBuildConfiguration section */
		6573B87B1F48229C003B82FE /* Debug */ = {
			isa = XCBuildConfiguration;
			buildSettings = {
				ALWAYS_SEARCH_USER_PATHS = NO;
				CLANG_ANALYZER_NONNULL = YES;
				CLANG_ANALYZER_NUMBER_OBJECT_CONVERSION = YES_AGGRESSIVE;
				CLANG_CXX_LANGUAGE_STANDARD = "gnu++0x";
				CLANG_CXX_LIBRARY = "libc++";
				CLANG_ENABLE_MODULES = YES;
				CLANG_ENABLE_OBJC_ARC = YES;
				CLANG_WARN_BOOL_CONVERSION = YES;
				CLANG_WARN_CONSTANT_CONVERSION = YES;
				CLANG_WARN_DIRECT_OBJC_ISA_USAGE = YES_ERROR;
				CLANG_WARN_DOCUMENTATION_COMMENTS = YES;
				CLANG_WARN_EMPTY_BODY = YES;
				CLANG_WARN_ENUM_CONVERSION = YES;
				CLANG_WARN_INFINITE_RECURSION = YES;
				CLANG_WARN_INT_CONVERSION = YES;
				CLANG_WARN_OBJC_ROOT_CLASS = YES_ERROR;
				CLANG_WARN_SUSPICIOUS_MOVE = YES;
				CLANG_WARN_UNREACHABLE_CODE = YES;
				CLANG_WARN__DUPLICATE_METHOD_MATCH = YES;
				"CODE_SIGN_IDENTITY[sdk=iphoneos*]" = "iPhone Developer";
				COPY_PHASE_STRIP = NO;
				DEBUG_INFORMATION_FORMAT = dwarf;
				ENABLE_STRICT_OBJC_MSGSEND = YES;
				ENABLE_TESTABILITY = YES;
				GCC_C_LANGUAGE_STANDARD = gnu99;
				GCC_DYNAMIC_NO_PIC = NO;
				GCC_NO_COMMON_BLOCKS = YES;
				GCC_OPTIMIZATION_LEVEL = 0;
				GCC_PREPROCESSOR_DEFINITIONS = (
					"DEBUG=1",
					"$(inherited)",
				);
				GCC_WARN_64_TO_32_BIT_CONVERSION = YES;
				GCC_WARN_ABOUT_RETURN_TYPE = YES_ERROR;
				GCC_WARN_UNDECLARED_SELECTOR = YES;
				GCC_WARN_UNINITIALIZED_AUTOS = YES_AGGRESSIVE;
				GCC_WARN_UNUSED_FUNCTION = YES;
				GCC_WARN_UNUSED_VARIABLE = YES;
				IPHONEOS_DEPLOYMENT_TARGET = 10.3;
				MTL_ENABLE_DEBUG_INFO = YES;
				ONLY_ACTIVE_ARCH = YES;
				SDKROOT = iphoneos;
				TARGETED_DEVICE_FAMILY = "1,2";
			};
			name = Debug;
		};
		6573B87C1F48229C003B82FE /* Release */ = {
			isa = XCBuildConfiguration;
			buildSettings = {
				ALWAYS_SEARCH_USER_PATHS = NO;
				CLANG_ANALYZER_NONNULL = YES;
				CLANG_ANALYZER_NUMBER_OBJECT_CONVERSION = YES_AGGRESSIVE;
				CLANG_CXX_LANGUAGE_STANDARD = "gnu++0x";
				CLANG_CXX_LIBRARY = "libc++";
				CLANG_ENABLE_MODULES = YES;
				CLANG_ENABLE_OBJC_ARC = YES;
				CLANG_WARN_BOOL_CONVERSION = YES;
				CLANG_WARN_CONSTANT_CONVERSION = YES;
				CLANG_WARN_DIRECT_OBJC_ISA_USAGE = YES_ERROR;
				CLANG_WARN_DOCUMENTATION_COMMENTS = YES;
				CLANG_WARN_EMPTY_BODY = YES;
				CLANG_WARN_ENUM_CONVERSION = YES;
				CLANG_WARN_INFINITE_RECURSION = YES;
				CLANG_WARN_INT_CONVERSION = YES;
				CLANG_WARN_OBJC_ROOT_CLASS = YES_ERROR;
				CLANG_WARN_SUSPICIOUS_MOVE = YES;
				CLANG_WARN_UNREACHABLE_CODE = YES;
				CLANG_WARN__DUPLICATE_METHOD_MATCH = YES;
				"CODE_SIGN_IDENTITY[sdk=iphoneos*]" = "iPhone Developer";
				COPY_PHASE_STRIP = NO;
				DEBUG_INFORMATION_FORMAT = "dwarf-with-dsym";
				ENABLE_NS_ASSERTIONS = NO;
				ENABLE_STRICT_OBJC_MSGSEND = YES;
				GCC_C_LANGUAGE_STANDARD = gnu99;
				GCC_NO_COMMON_BLOCKS = YES;
				GCC_WARN_64_TO_32_BIT_CONVERSION = YES;
				GCC_WARN_ABOUT_RETURN_TYPE = YES_ERROR;
				GCC_WARN_UNDECLARED_SELECTOR = YES;
				GCC_WARN_UNINITIALIZED_AUTOS = YES_AGGRESSIVE;
				GCC_WARN_UNUSED_FUNCTION = YES;
				GCC_WARN_UNUSED_VARIABLE = YES;
				IPHONEOS_DEPLOYMENT_TARGET = 10.3;
				MTL_ENABLE_DEBUG_INFO = NO;
				SDKROOT = iphoneos;
				TARGETED_DEVICE_FAMILY = "1,2";
				VALIDATE_PRODUCT = YES;
			};
			name = Release;
		};
		6573B87E1F48229C003B82FE /* Debug */ = {
			isa = XCBuildConfiguration;
			baseConfigurationReference = 81A38FC5F3618B92BCE4AAC2 /* Pods-SocialProject.debug.xcconfig */;
			buildSettings = {
				ASSETCATALOG_COMPILER_APPICON_NAME = AppIcon;
				INFOPLIST_FILE = SocialProject/Info.plist;
				LD_RUNPATH_SEARCH_PATHS = "$(inherited) @executable_path/Frameworks";
				PRODUCT_BUNDLE_IDENTIFIER = "WEIJIAN-LI.SocialProject";
				PRODUCT_NAME = "$(TARGET_NAME)";
			};
			name = Debug;
		};
		6573B87F1F48229C003B82FE /* Release */ = {
			isa = XCBuildConfiguration;
			baseConfigurationReference = DA32419D6234885516F55322 /* Pods-SocialProject.release.xcconfig */;
			buildSettings = {
				ASSETCATALOG_COMPILER_APPICON_NAME = AppIcon;
				INFOPLIST_FILE = SocialProject/Info.plist;
				LD_RUNPATH_SEARCH_PATHS = "$(inherited) @executable_path/Frameworks";
				PRODUCT_BUNDLE_IDENTIFIER = "WEIJIAN-LI.SocialProject";
				PRODUCT_NAME = "$(TARGET_NAME)";
			};
			name = Release;
		};
		6573B8811F48229C003B82FE /* Debug */ = {
			isa = XCBuildConfiguration;
			baseConfigurationReference = 52B952DEF574847F8D2E7419 /* Pods-SocialProjectTests.debug.xcconfig */;
			buildSettings = {
				BUNDLE_LOADER = "$(TEST_HOST)";
				INFOPLIST_FILE = SocialProjectTests/Info.plist;
				LD_RUNPATH_SEARCH_PATHS = "$(inherited) @executable_path/Frameworks @loader_path/Frameworks";
				PRODUCT_BUNDLE_IDENTIFIER = "WEIJIAN-LI.SocialProjectTests";
				PRODUCT_NAME = "$(TARGET_NAME)";
				TEST_HOST = "$(BUILT_PRODUCTS_DIR)/SocialProject.app/SocialProject";
			};
			name = Debug;
		};
		6573B8821F48229C003B82FE /* Release */ = {
			isa = XCBuildConfiguration;
			baseConfigurationReference = F6129923007F4C42F53CDB0B /* Pods-SocialProjectTests.release.xcconfig */;
			buildSettings = {
				BUNDLE_LOADER = "$(TEST_HOST)";
				INFOPLIST_FILE = SocialProjectTests/Info.plist;
				LD_RUNPATH_SEARCH_PATHS = "$(inherited) @executable_path/Frameworks @loader_path/Frameworks";
				PRODUCT_BUNDLE_IDENTIFIER = "WEIJIAN-LI.SocialProjectTests";
				PRODUCT_NAME = "$(TARGET_NAME)";
				TEST_HOST = "$(BUILT_PRODUCTS_DIR)/SocialProject.app/SocialProject";
			};
			name = Release;
		};
		6573B8841F48229C003B82FE /* Debug */ = {
			isa = XCBuildConfiguration;
			baseConfigurationReference = BB58ECDEBEDF87A728892E4D /* Pods-SocialProjectUITests.debug.xcconfig */;
			buildSettings = {
				INFOPLIST_FILE = SocialProjectUITests/Info.plist;
				LD_RUNPATH_SEARCH_PATHS = "$(inherited) @executable_path/Frameworks @loader_path/Frameworks";
				PRODUCT_BUNDLE_IDENTIFIER = "WEIJIAN-LI.SocialProjectUITests";
				PRODUCT_NAME = "$(TARGET_NAME)";
				TEST_TARGET_NAME = SocialProject;
			};
			name = Debug;
		};
		6573B8851F48229C003B82FE /* Release */ = {
			isa = XCBuildConfiguration;
			baseConfigurationReference = D3B1D763CE7A896CC9A99F41 /* Pods-SocialProjectUITests.release.xcconfig */;
			buildSettings = {
				INFOPLIST_FILE = SocialProjectUITests/Info.plist;
				LD_RUNPATH_SEARCH_PATHS = "$(inherited) @executable_path/Frameworks @loader_path/Frameworks";
				PRODUCT_BUNDLE_IDENTIFIER = "WEIJIAN-LI.SocialProjectUITests";
				PRODUCT_NAME = "$(TARGET_NAME)";
				TEST_TARGET_NAME = SocialProject;
			};
			name = Release;
		};
/* End XCBuildConfiguration section */

/* Begin XCConfigurationList section */
		6573B84B1F48229C003B82FE /* Build configuration list for PBXProject "SocialProject" */ = {
			isa = XCConfigurationList;
			buildConfigurations = (
				6573B87B1F48229C003B82FE /* Debug */,
				6573B87C1F48229C003B82FE /* Release */,
			);
			defaultConfigurationIsVisible = 0;
			defaultConfigurationName = Release;
		};
		6573B87D1F48229C003B82FE /* Build configuration list for PBXNativeTarget "SocialProject" */ = {
			isa = XCConfigurationList;
			buildConfigurations = (
				6573B87E1F48229C003B82FE /* Debug */,
				6573B87F1F48229C003B82FE /* Release */,
			);
			defaultConfigurationIsVisible = 0;
			defaultConfigurationName = Release;
		};
		6573B8801F48229C003B82FE /* Build configuration list for PBXNativeTarget "SocialProjectTests" */ = {
			isa = XCConfigurationList;
			buildConfigurations = (
				6573B8811F48229C003B82FE /* Debug */,
				6573B8821F48229C003B82FE /* Release */,
			);
			defaultConfigurationIsVisible = 0;
			defaultConfigurationName = Release;
		};
		6573B8831F48229C003B82FE /* Build configuration list for PBXNativeTarget "SocialProjectUITests" */ = {
			isa = XCConfigurationList;
			buildConfigurations = (
				6573B8841F48229C003B82FE /* Debug */,
				6573B8851F48229C003B82FE /* Release */,
			);
			defaultConfigurationIsVisible = 0;
			defaultConfigurationName = Release;
		};
/* End XCConfigurationList section */
	};
	rootObject = 6573B8481F48229C003B82FE /* Project object */;
}
